// !$*UTF8*$!
{
	archiveVersion = 1;
	classes = {
	};
	objectVersion = 48;
	objects = {

/* Begin PBXBuildFile section */
		2E28F61420290E8D00A30C3F /* SiteSectionsVC.swift in Sources */ = {isa = PBXBuildFile; fileRef = 2E28F61320290E8D00A30C3F /* SiteSectionsVC.swift */; };
		2E28F61920290F7300A30C3F /* SiteTableCell.swift in Sources */ = {isa = PBXBuildFile; fileRef = 2E28F61820290F7300A30C3F /* SiteTableCell.swift */; };
		2E28F61C2029694800A30C3F /* Sections.swift in Sources */ = {isa = PBXBuildFile; fileRef = 2E28F61B2029694800A30C3F /* Sections.swift */; };
		2E28F61F202BFC1700A30C3F /* SiteVC.swift in Sources */ = {isa = PBXBuildFile; fileRef = 2E28F61E202BFC1700A30C3F /* SiteVC.swift */; };
		2E3B10B82023FF2500B443DB /* AppDelegate.swift in Sources */ = {isa = PBXBuildFile; fileRef = 2E3B10B72023FF2500B443DB /* AppDelegate.swift */; };
		2E3B10BA2023FF2500B443DB /* MapVC.swift in Sources */ = {isa = PBXBuildFile; fileRef = 2E3B10B92023FF2500B443DB /* MapVC.swift */; };
		2E3B10BD2023FF2500B443DB /* Main.storyboard in Resources */ = {isa = PBXBuildFile; fileRef = 2E3B10BB2023FF2500B443DB /* Main.storyboard */; };
		2E3B10BF2023FF2600B443DB /* Assets.xcassets in Resources */ = {isa = PBXBuildFile; fileRef = 2E3B10BE2023FF2600B443DB /* Assets.xcassets */; };
		2E3B10C22023FF2600B443DB /* LaunchScreen.storyboard in Resources */ = {isa = PBXBuildFile; fileRef = 2E3B10C02023FF2600B443DB /* LaunchScreen.storyboard */; };
		2E3B10CA20240D5D00B443DB /* imageBackground.jpg in Resources */ = {isa = PBXBuildFile; fileRef = 2E3B10C920240D5D00B443DB /* imageBackground.jpg */; };
		2E8E2C2E202CD2FD00BA0AC9 /* Site.swift in Sources */ = {isa = PBXBuildFile; fileRef = 2E8E2C2D202CD2FD00BA0AC9 /* Site.swift */; };
		C36F2B1EE5BF5C0A5C2D264E /* Pods_independentStudy.framework in Frameworks */ = {isa = PBXBuildFile; fileRef = 090D53FE0CD58020D78434EA /* Pods_independentStudy.framework */; };
/* End PBXBuildFile section */

/* Begin PBXFileReference section */
		090D53FE0CD58020D78434EA /* Pods_independentStudy.framework */ = {isa = PBXFileReference; explicitFileType = wrapper.framework; includeInIndex = 0; path = Pods_independentStudy.framework; sourceTree = BUILT_PRODUCTS_DIR; };
		2E28F61320290E8D00A30C3F /* SiteSectionsVC.swift */ = {isa = PBXFileReference; lastKnownFileType = sourcecode.swift; path = SiteSectionsVC.swift; sourceTree = "<group>"; };
		2E28F61820290F7300A30C3F /* SiteTableCell.swift */ = {isa = PBXFileReference; lastKnownFileType = sourcecode.swift; path = SiteTableCell.swift; sourceTree = "<group>"; };
		2E28F61B2029694800A30C3F /* Sections.swift */ = {isa = PBXFileReference; lastKnownFileType = sourcecode.swift; path = Sections.swift; sourceTree = "<group>"; };
		2E28F61E202BFC1700A30C3F /* SiteVC.swift */ = {isa = PBXFileReference; lastKnownFileType = sourcecode.swift; path = SiteVC.swift; sourceTree = "<group>"; };
		2E3B10B42023FF2500B443DB /* independentStudy.app */ = {isa = PBXFileReference; explicitFileType = wrapper.application; includeInIndex = 0; path = independentStudy.app; sourceTree = BUILT_PRODUCTS_DIR; };
		2E3B10B72023FF2500B443DB /* AppDelegate.swift */ = {isa = PBXFileReference; lastKnownFileType = sourcecode.swift; path = AppDelegate.swift; sourceTree = "<group>"; };
		2E3B10B92023FF2500B443DB /* MapVC.swift */ = {isa = PBXFileReference; lastKnownFileType = sourcecode.swift; path = MapVC.swift; sourceTree = "<group>"; };
		2E3B10BC2023FF2500B443DB /* Base */ = {isa = PBXFileReference; lastKnownFileType = file.storyboard; name = Base; path = Base.lproj/Main.storyboard; sourceTree = "<group>"; };
		2E3B10BE2023FF2600B443DB /* Assets.xcassets */ = {isa = PBXFileReference; lastKnownFileType = folder.assetcatalog; path = Assets.xcassets; sourceTree = "<group>"; };
		2E3B10C12023FF2600B443DB /* Base */ = {isa = PBXFileReference; lastKnownFileType = file.storyboard; name = Base; path = Base.lproj/LaunchScreen.storyboard; sourceTree = "<group>"; };
		2E3B10C32023FF2600B443DB /* Info.plist */ = {isa = PBXFileReference; lastKnownFileType = text.plist.xml; path = Info.plist; sourceTree = "<group>"; };
		2E3B10C920240D5D00B443DB /* imageBackground.jpg */ = {isa = PBXFileReference; lastKnownFileType = image.jpeg; path = imageBackground.jpg; sourceTree = "<group>"; };
		2E8E2C2D202CD2FD00BA0AC9 /* Site.swift */ = {isa = PBXFileReference; lastKnownFileType = sourcecode.swift; path = Site.swift; sourceTree = "<group>"; };
		734AD10D5F918AE22F8ADCDD /* Pods-independentStudy.debug.xcconfig */ = {isa = PBXFileReference; includeInIndex = 1; lastKnownFileType = text.xcconfig; name = "Pods-independentStudy.debug.xcconfig"; path = "Pods/Target Support Files/Pods-independentStudy/Pods-independentStudy.debug.xcconfig"; sourceTree = "<group>"; };
		E8F4FB734EE0EC6FDB72FCCC /* Pods-independentStudy.release.xcconfig */ = {isa = PBXFileReference; includeInIndex = 1; lastKnownFileType = text.xcconfig; name = "Pods-independentStudy.release.xcconfig"; path = "Pods/Target Support Files/Pods-independentStudy/Pods-independentStudy.release.xcconfig"; sourceTree = "<group>"; };
/* End PBXFileReference section */

/* Begin PBXFrameworksBuildPhase section */
		2E3B10B12023FF2500B443DB /* Frameworks */ = {
			isa = PBXFrameworksBuildPhase;
			buildActionMask = 2147483647;
			files = (
				C36F2B1EE5BF5C0A5C2D264E /* Pods_independentStudy.framework in Frameworks */,
			);
			runOnlyForDeploymentPostprocessing = 0;
		};
/* End PBXFrameworksBuildPhase section */

/* Begin PBXGroup section */
		2E28F61220290E5F00A30C3F /* Controllers */ = {
			isa = PBXGroup;
			children = (
				2E3B10B92023FF2500B443DB /* MapVC.swift */,
				2E28F61320290E8D00A30C3F /* SiteSectionsVC.swift */,
				2E28F61E202BFC1700A30C3F /* SiteVC.swift */,
			);
			path = Controllers;
			sourceTree = "<group>";
		};
		2E28F61520290F1B00A30C3F /* Views */ = {
			isa = PBXGroup;
			children = (
				2E28F61820290F7300A30C3F /* SiteTableCell.swift */,
			);
			path = Views;
			sourceTree = "<group>";
		};
		2E28F61A2029692500A30C3F /* Constants */ = {
			isa = PBXGroup;
			children = (
				2E28F61B2029694800A30C3F /* Sections.swift */,
			);
			path = Constants;
			sourceTree = "<group>";
		};
		2E28F620202C03F700A30C3F /* Models */ = {
			isa = PBXGroup;
			children = (
				2E8E2C2D202CD2FD00BA0AC9 /* Site.swift */,
			);
			path = Models;
			sourceTree = "<group>";
		};
		2E3B10AB2023FF2500B443DB = {
			isa = PBXGroup;
			children = (
				2E3B10B62023FF2500B443DB /* independentStudy */,
				2E3B10B52023FF2500B443DB /* Products */,
				975CF7D4105F39F909C84068 /* Pods */,
				8A640E98A180DBB256E3F7A5 /* Frameworks */,
			);
			sourceTree = "<group>";
		};
		2E3B10B52023FF2500B443DB /* Products */ = {
			isa = PBXGroup;
			children = (
				2E3B10B42023FF2500B443DB /* independentStudy.app */,
			);
			name = Products;
			sourceTree = "<group>";
		};
		2E3B10B62023FF2500B443DB /* independentStudy */ = {
			isa = PBXGroup;
			children = (
				2E28F620202C03F700A30C3F /* Models */,
				2E28F61A2029692500A30C3F /* Constants */,
				2E28F61520290F1B00A30C3F /* Views */,
				2E28F61220290E5F00A30C3F /* Controllers */,
				2E3B10B72023FF2500B443DB /* AppDelegate.swift */,
				2E3B10BB2023FF2500B443DB /* Main.storyboard */,
				2E3B10BE2023FF2600B443DB /* Assets.xcassets */,
				2E3B10C920240D5D00B443DB /* imageBackground.jpg */,
				2E3B10C02023FF2600B443DB /* LaunchScreen.storyboard */,
				2E3B10C32023FF2600B443DB /* Info.plist */,
			);
			path = independentStudy;
			sourceTree = "<group>";
		};
		8A640E98A180DBB256E3F7A5 /* Frameworks */ = {
			isa = PBXGroup;
			children = (
				090D53FE0CD58020D78434EA /* Pods_independentStudy.framework */,
			);
			name = Frameworks;
			sourceTree = "<group>";
		};
		975CF7D4105F39F909C84068 /* Pods */ = {
			isa = PBXGroup;
			children = (
				734AD10D5F918AE22F8ADCDD /* Pods-independentStudy.debug.xcconfig */,
				E8F4FB734EE0EC6FDB72FCCC /* Pods-independentStudy.release.xcconfig */,
			);
			name = Pods;
			sourceTree = "<group>";
		};
/* End PBXGroup section */

/* Begin PBXNativeTarget section */
		2E3B10B32023FF2500B443DB /* independentStudy */ = {
			isa = PBXNativeTarget;
			buildConfigurationList = 2E3B10C62023FF2600B443DB /* Build configuration list for PBXNativeTarget "independentStudy" */;
			buildPhases = (
				48EA3469EE0FB088135DAE65 /* [CP] Check Pods Manifest.lock */,
				2E3B10B02023FF2500B443DB /* Sources */,
				2E3B10B12023FF2500B443DB /* Frameworks */,
				2E3B10B22023FF2500B443DB /* Resources */,
				D7A48B55CFB513640A497AD0 /* [CP] Embed Pods Frameworks */,
				6564A7DAC93B6F37205647A8 /* [CP] Copy Pods Resources */,
			);
			buildRules = (
			);
			dependencies = (
			);
			name = independentStudy;
			productName = independentStudy;
			productReference = 2E3B10B42023FF2500B443DB /* independentStudy.app */;
			productType = "com.apple.product-type.application";
		};
/* End PBXNativeTarget section */

/* Begin PBXProject section */
		2E3B10AC2023FF2500B443DB /* Project object */ = {
			isa = PBXProject;
			attributes = {
				LastSwiftUpdateCheck = 0920;
				LastUpgradeCheck = 0920;
				ORGANIZATIONNAME = "Robert Wais";
				TargetAttributes = {
					2E3B10B32023FF2500B443DB = {
						CreatedOnToolsVersion = 9.2;
						ProvisioningStyle = Automatic;
					};
				};
			};
			buildConfigurationList = 2E3B10AF2023FF2500B443DB /* Build configuration list for PBXProject "independentStudy" */;
			compatibilityVersion = "Xcode 8.0";
			developmentRegion = en;
			hasScannedForEncodings = 0;
			knownRegions = (
				en,
				Base,
			);
			mainGroup = 2E3B10AB2023FF2500B443DB;
			productRefGroup = 2E3B10B52023FF2500B443DB /* Products */;
			projectDirPath = "";
			projectRoot = "";
			targets = (
				2E3B10B32023FF2500B443DB /* independentStudy */,
			);
		};
/* End PBXProject section */

/* Begin PBXResourcesBuildPhase section */
		2E3B10B22023FF2500B443DB /* Resources */ = {
			isa = PBXResourcesBuildPhase;
			buildActionMask = 2147483647;
			files = (
				2E3B10C22023FF2600B443DB /* LaunchScreen.storyboard in Resources */,
				2E3B10CA20240D5D00B443DB /* imageBackground.jpg in Resources */,
				2E3B10BF2023FF2600B443DB /* Assets.xcassets in Resources */,
				2E3B10BD2023FF2500B443DB /* Main.storyboard in Resources */,
			);
			runOnlyForDeploymentPostprocessing = 0;
		};
/* End PBXResourcesBuildPhase section */

/* Begin PBXShellScriptBuildPhase section */
		48EA3469EE0FB088135DAE65 /* [CP] Check Pods Manifest.lock */ = {
			isa = PBXShellScriptBuildPhase;
			buildActionMask = 2147483647;
			files = (
			);
			inputPaths = (
				"${PODS_PODFILE_DIR_PATH}/Podfile.lock",
				"${PODS_ROOT}/Manifest.lock",
			);
			name = "[CP] Check Pods Manifest.lock";
			outputPaths = (
				"$(DERIVED_FILE_DIR)/Pods-independentStudy-checkManifestLockResult.txt",
			);
			runOnlyForDeploymentPostprocessing = 0;
			shellPath = /bin/sh;
			shellScript = "diff \"${PODS_PODFILE_DIR_PATH}/Podfile.lock\" \"${PODS_ROOT}/Manifest.lock\" > /dev/null\nif [ $? != 0 ] ; then\n    # print error to STDERR\n    echo \"error: The sandbox is not in sync with the Podfile.lock. Run 'pod install' or update your CocoaPods installation.\" >&2\n    exit 1\nfi\n# This output is used by Xcode 'outputs' to avoid re-running this script phase.\necho \"SUCCESS\" > \"${SCRIPT_OUTPUT_FILE_0}\"\n";
			showEnvVarsInLog = 0;
		};
		6564A7DAC93B6F37205647A8 /* [CP] Copy Pods Resources */ = {
			isa = PBXShellScriptBuildPhase;
			buildActionMask = 2147483647;
			files = (
			);
			inputPaths = (
			);
			name = "[CP] Copy Pods Resources";
			outputPaths = (
			);
			runOnlyForDeploymentPostprocessing = 0;
			shellPath = /bin/sh;
			shellScript = "\"${SRCROOT}/Pods/Target Support Files/Pods-independentStudy/Pods-independentStudy-resources.sh\"\n";
			showEnvVarsInLog = 0;
		};
		D7A48B55CFB513640A497AD0 /* [CP] Embed Pods Frameworks */ = {
			isa = PBXShellScriptBuildPhase;
			buildActionMask = 2147483647;
			files = (
			);
			inputPaths = (
				"${SRCROOT}/Pods/Target Support Files/Pods-independentStudy/Pods-independentStudy-frameworks.sh",
				"${BUILT_PRODUCTS_DIR}/CocoaAsyncSocket/CocoaAsyncSocket.framework",
				"${BUILT_PRODUCTS_DIR}/PSSRedisClient/PSSRedisClient.framework",
				"${BUILT_PRODUCTS_DIR}/SwiftSVG/SwiftSVG.framework",
				"${BUILT_PRODUCTS_DIR}/Toast-Swift/Toast_Swift.framework",
			);
			name = "[CP] Embed Pods Frameworks";
			outputPaths = (
				"${TARGET_BUILD_DIR}/${FRAMEWORKS_FOLDER_PATH}/CocoaAsyncSocket.framework",
				"${TARGET_BUILD_DIR}/${FRAMEWORKS_FOLDER_PATH}/PSSRedisClient.framework",
				"${TARGET_BUILD_DIR}/${FRAMEWORKS_FOLDER_PATH}/SwiftSVG.framework",
				"${TARGET_BUILD_DIR}/${FRAMEWORKS_FOLDER_PATH}/Toast_Swift.framework",
			);
			runOnlyForDeploymentPostprocessing = 0;
			shellPath = /bin/sh;
			shellScript = "\"${SRCROOT}/Pods/Target Support Files/Pods-independentStudy/Pods-independentStudy-frameworks.sh\"\n";
			showEnvVarsInLog = 0;
		};
/* End PBXShellScriptBuildPhase section */

/* Begin PBXSourcesBuildPhase section */
		2E3B10B02023FF2500B443DB /* Sources */ = {
			isa = PBXSourcesBuildPhase;
			buildActionMask = 2147483647;
			files = (
				2E8E2C2E202CD2FD00BA0AC9 /* Site.swift in Sources */,
				2E28F61C2029694800A30C3F /* Sections.swift in Sources */,
				2E28F61F202BFC1700A30C3F /* SiteVC.swift in Sources */,
				2E3B10BA2023FF2500B443DB /* MapVC.swift in Sources */,
				2E3B10B82023FF2500B443DB /* AppDelegate.swift in Sources */,
				2E28F61420290E8D00A30C3F /* SiteSectionsVC.swift in Sources */,
				2E28F61920290F7300A30C3F /* SiteTableCell.swift in Sources */,
			);
			runOnlyForDeploymentPostprocessing = 0;
		};
/* End PBXSourcesBuildPhase section */

/* Begin PBXVariantGroup section */
		2E3B10BB2023FF2500B443DB /* Main.storyboard */ = {
			isa = PBXVariantGroup;
			children = (
				2E3B10BC2023FF2500B443DB /* Base */,
			);
			name = Main.storyboard;
			sourceTree = "<group>";
		};
		2E3B10C02023FF2600B443DB /* LaunchScreen.storyboard */ = {
			isa = PBXVariantGroup;
			children = (
				2E3B10C12023FF2600B443DB /* Base */,
			);
			name = LaunchScreen.storyboard;
			sourceTree = "<group>";
		};
/* End PBXVariantGroup section */

/* Begin XCBuildConfiguration section */
		2E3B10C42023FF2600B443DB /* Debug */ = {
			isa = XCBuildConfiguration;
			buildSettings = {
				ALWAYS_SEARCH_USER_PATHS = NO;
				CLANG_ANALYZER_NONNULL = YES;
				CLANG_ANALYZER_NUMBER_OBJECT_CONVERSION = YES_AGGRESSIVE;
				CLANG_CXX_LANGUAGE_STANDARD = "gnu++14";
				CLANG_CXX_LIBRARY = "libc++";
				CLANG_ENABLE_MODULES = YES;
				CLANG_ENABLE_OBJC_ARC = YES;
				CLANG_WARN_BLOCK_CAPTURE_AUTORELEASING = YES;
				CLANG_WARN_BOOL_CONVERSION = YES;
				CLANG_WARN_COMMA = YES;
				CLANG_WARN_CONSTANT_CONVERSION = YES;
				CLANG_WARN_DIRECT_OBJC_ISA_USAGE = YES_ERROR;
				CLANG_WARN_DOCUMENTATION_COMMENTS = YES;
				CLANG_WARN_EMPTY_BODY = YES;
				CLANG_WARN_ENUM_CONVERSION = YES;
				CLANG_WARN_INFINITE_RECURSION = YES;
				CLANG_WARN_INT_CONVERSION = YES;
				CLANG_WARN_NON_LITERAL_NULL_CONVERSION = YES;
				CLANG_WARN_OBJC_LITERAL_CONVERSION = YES;
				CLANG_WARN_OBJC_ROOT_CLASS = YES_ERROR;
				CLANG_WARN_RANGE_LOOP_ANALYSIS = YES;
				CLANG_WARN_STRICT_PROTOTYPES = YES;
				CLANG_WARN_SUSPICIOUS_MOVE = YES;
				CLANG_WARN_UNGUARDED_AVAILABILITY = YES_AGGRESSIVE;
				CLANG_WARN_UNREACHABLE_CODE = YES;
				CLANG_WARN__DUPLICATE_METHOD_MATCH = YES;
				CODE_SIGN_IDENTITY = "iPhone Developer";
				COPY_PHASE_STRIP = NO;
				DEBUG_INFORMATION_FORMAT = dwarf;
				ENABLE_STRICT_OBJC_MSGSEND = YES;
				ENABLE_TESTABILITY = YES;
				GCC_C_LANGUAGE_STANDARD = gnu11;
				GCC_DYNAMIC_NO_PIC = NO;
				GCC_NO_COMMON_BLOCKS = YES;
				GCC_OPTIMIZATION_LEVEL = 0;
				GCC_PREPROCESSOR_DEFINITIONS = (
					"DEBUG=1",
					"$(inherited)",
				);
				GCC_WARN_64_TO_32_BIT_CONVERSION = YES;
				GCC_WARN_ABOUT_RETURN_TYPE = YES_ERROR;
				GCC_WARN_UNDECLARED_SELECTOR = YES;
				GCC_WARN_UNINITIALIZED_AUTOS = YES_AGGRESSIVE;
				GCC_WARN_UNUSED_FUNCTION = YES;
				GCC_WARN_UNUSED_VARIABLE = YES;
				IPHONEOS_DEPLOYMENT_TARGET = 11.2;
				MTL_ENABLE_DEBUG_INFO = YES;
				ONLY_ACTIVE_ARCH = YES;
				SDKROOT = iphoneos;
				SWIFT_ACTIVE_COMPILATION_CONDITIONS = DEBUG;
				SWIFT_OPTIMIZATION_LEVEL = "-Onone";
			};
			name = Debug;
		};
		2E3B10C52023FF2600B443DB /* Release */ = {
			isa = XCBuildConfiguration;
			buildSettings = {
				ALWAYS_SEARCH_USER_PATHS = NO;
				CLANG_ANALYZER_NONNULL = YES;
				CLANG_ANALYZER_NUMBER_OBJECT_CONVERSION = YES_AGGRESSIVE;
				CLANG_CXX_LANGUAGE_STANDARD = "gnu++14";
				CLANG_CXX_LIBRARY = "libc++";
				CLANG_ENABLE_MODULES = YES;
				CLANG_ENABLE_OBJC_ARC = YES;
				CLANG_WARN_BLOCK_CAPTURE_AUTORELEASING = YES;
				CLANG_WARN_BOOL_CONVERSION = YES;
				CLANG_WARN_COMMA = YES;
				CLANG_WARN_CONSTANT_CONVERSION = YES;
				CLANG_WARN_DIRECT_OBJC_ISA_USAGE = YES_ERROR;
				CLANG_WARN_DOCUMENTATION_COMMENTS = YES;
				CLANG_WARN_EMPTY_BODY = YES;
				CLANG_WARN_ENUM_CONVERSION = YES;
				CLANG_WARN_INFINITE_RECURSION = YES;
				CLANG_WARN_INT_CONVERSION = YES;
				CLANG_WARN_NON_LITERAL_NULL_CONVERSION = YES;
				CLANG_WARN_OBJC_LITERAL_CONVERSION = YES;
				CLANG_WARN_OBJC_ROOT_CLASS = YES_ERROR;
				CLANG_WARN_RANGE_LOOP_ANALYSIS = YES;
				CLANG_WARN_STRICT_PROTOTYPES = YES;
				CLANG_WARN_SUSPICIOUS_MOVE = YES;
				CLANG_WARN_UNGUARDED_AVAILABILITY = YES_AGGRESSIVE;
				CLANG_WARN_UNREACHABLE_CODE = YES;
				CLANG_WARN__DUPLICATE_METHOD_MATCH = YES;
				CODE_SIGN_IDENTITY = "iPhone Developer";
				COPY_PHASE_STRIP = NO;
				DEBUG_INFORMATION_FORMAT = "dwarf-with-dsym";
				ENABLE_NS_ASSERTIONS = NO;
				ENABLE_STRICT_OBJC_MSGSEND = YES;
				GCC_C_LANGUAGE_STANDARD = gnu11;
				GCC_NO_COMMON_BLOCKS = YES;
				GCC_WARN_64_TO_32_BIT_CONVERSION = YES;
				GCC_WARN_ABOUT_RETURN_TYPE = YES_ERROR;
				GCC_WARN_UNDECLARED_SELECTOR = YES;
				GCC_WARN_UNINITIALIZED_AUTOS = YES_AGGRESSIVE;
				GCC_WARN_UNUSED_FUNCTION = YES;
				GCC_WARN_UNUSED_VARIABLE = YES;
				IPHONEOS_DEPLOYMENT_TARGET = 11.2;
				MTL_ENABLE_DEBUG_INFO = NO;
				SDKROOT = iphoneos;
				SWIFT_OPTIMIZATION_LEVEL = "-Owholemodule";
				VALIDATE_PRODUCT = YES;
			};
			name = Release;
		};
		2E3B10C72023FF2600B443DB /* Debug */ = {
			isa = XCBuildConfiguration;
			baseConfigurationReference = 734AD10D5F918AE22F8ADCDD /* Pods-independentStudy.debug.xcconfig */;
			buildSettings = {
				ASSETCATALOG_COMPILER_APPICON_NAME = AppIcon;
				CODE_SIGN_STYLE = Automatic;
				DEVELOPMENT_TEAM = 6V78FR972C;
				INFOPLIST_FILE = independentStudy/Info.plist;
				LD_RUNPATH_SEARCH_PATHS = "$(inherited) @executable_path/Frameworks";
				PRODUCT_BUNDLE_IDENTIFIER = com.Bob.independentStudy;
				PRODUCT_NAME = "$(TARGET_NAME)";
				SWIFT_VERSION = 4.0;
				TARGETED_DEVICE_FAMILY = "1,2";
			};
			name = Debug;
		};
		2E3B10C82023FF2600B443DB /* Release */ = {
			isa = XCBuildConfiguration;
			baseConfigurationReference = E8F4FB734EE0EC6FDB72FCCC /* Pods-independentStudy.release.xcconfig */;
			buildSettings = {
				ASSETCATALOG_COMPILER_APPICON_NAME = AppIcon;
				CODE_SIGN_STYLE = Automatic;
				DEVELOPMENT_TEAM = 6V78FR972C;
				INFOPLIST_FILE = independentStudy/Info.plist;
				LD_RUNPATH_SEARCH_PATHS = "$(inherited) @executable_path/Frameworks";
				PRODUCT_BUNDLE_IDENTIFIER = com.Bob.independentStudy;
				PRODUCT_NAME = "$(TARGET_NAME)";
				SWIFT_VERSION = 4.0;
				TARGETED_DEVICE_FAMILY = "1,2";
			};
			name = Release;
		};
/* End XCBuildConfiguration section */

/* Begin XCConfigurationList section */
		2E3B10AF2023FF2500B443DB /* Build configuration list for PBXProject "independentStudy" */ = {
			isa = XCConfigurationList;
			buildConfigurations = (
				2E3B10C42023FF2600B443DB /* Debug */,
				2E3B10C52023FF2600B443DB /* Release */,
			);
			defaultConfigurationIsVisible = 0;
			defaultConfigurationName = Release;
		};
		2E3B10C62023FF2600B443DB /* Build configuration list for PBXNativeTarget "independentStudy" */ = {
			isa = XCConfigurationList;
			buildConfigurations = (
				2E3B10C72023FF2600B443DB /* Debug */,
				2E3B10C82023FF2600B443DB /* Release */,
			);
			defaultConfigurationIsVisible = 0;
			defaultConfigurationName = Release;
		};
/* End XCConfigurationList section */
	};
	rootObject = 2E3B10AC2023FF2500B443DB /* Project object */;
}
